// !$*UTF8*$!
{
	archiveVersion = 1;
	classes = {
	};
	objectVersion = 48;
	objects = {

/* Begin PBXBuildFile section */
		EEB03370201F4F81002DF913 /* main.cpp in Sources */ = {isa = PBXBuildFile; fileRef = EEB0336F201F4F81002DF913 /* main.cpp */; };
		EEFD18772021EF7C0082EE65 /* Atom.cpp in Sources */ = {isa = PBXBuildFile; fileRef = EEFD18762021EF7C0082EE65 /* Atom.cpp */; };
/* End PBXBuildFile section */

/* Begin PBXCopyFilesBuildPhase section */
		EEB0336A201F4F81002DF913 /* CopyFiles */ = {
			isa = PBXCopyFilesBuildPhase;
			buildActionMask = 2147483647;
			dstPath = /usr/share/man/man1/;
			dstSubfolderSpec = 0;
			files = (
			);
			runOnlyForDeploymentPostprocessing = 1;
		};
/* End PBXCopyFilesBuildPhase section */

/* Begin PBXFileReference section */
		EE535E3A202C63EA00CF4852 /* Extend_Cell.h */ = {isa = PBXFileReference; lastKnownFileType = sourcecode.c.h; path = Extend_Cell.h; sourceTree = "<group>"; };
		EE535E3B202C715100CF4852 /* Extend_Cell_And_Cloud.h */ = {isa = PBXFileReference; lastKnownFileType = sourcecode.c.h; path = Extend_Cell_And_Cloud.h; sourceTree = "<group>"; };
		EE535E3C202CADCB00CF4852 /* Sort_Min_Distances.h */ = {isa = PBXFileReference; lastKnownFileType = sourcecode.c.h; path = Sort_Min_Distances.h; sourceTree = "<group>"; };
		EE86F6C42028CD92009DA8CC /* Read_Atom_Coords.h */ = {isa = PBXFileReference; lastKnownFileType = sourcecode.c.h; path = Read_Atom_Coords.h; sourceTree = "<group>"; };
		EE86F6C52028E2EA009DA8CC /* Print_Summary.h */ = {isa = PBXFileReference; lastKnownFileType = sourcecode.c.h; path = Print_Summary.h; sourceTree = "<group>"; };
		EE86F6C62028E564009DA8CC /* Min_Cell_Length.h */ = {isa = PBXFileReference; lastKnownFileType = sourcecode.c.h; path = Min_Cell_Length.h; sourceTree = "<group>"; };
		EEB0336C201F4F81002DF913 /* PPC_Equivalency_Test */ = {isa = PBXFileReference; explicitFileType = "compiled.mach-o.executable"; includeInIndex = 0; path = PPC_Equivalency_Test; sourceTree = BUILT_PRODUCTS_DIR; };
		EEB0336F201F4F81002DF913 /* main.cpp */ = {isa = PBXFileReference; lastKnownFileType = sourcecode.cpp.cpp; path = main.cpp; sourceTree = "<group>"; };
		EEFD18742021EE790082EE65 /* Min_Dist_Within_Cell.h */ = {isa = PBXFileReference; lastKnownFileType = sourcecode.c.h; path = Min_Dist_Within_Cell.h; sourceTree = "<group>"; };
		EEFD18752021EECD0082EE65 /* Atom.h */ = {isa = PBXFileReference; lastKnownFileType = sourcecode.c.h; path = Atom.h; sourceTree = "<group>"; };
		EEFD18762021EF7C0082EE65 /* Atom.cpp */ = {isa = PBXFileReference; lastKnownFileType = sourcecode.cpp.cpp; path = Atom.cpp; sourceTree = "<group>"; };
		EEFD18782021F4220082EE65 /* Frac_To_Cart_Coords.h */ = {isa = PBXFileReference; lastKnownFileType = sourcecode.c.h; path = Frac_To_Cart_Coords.h; sourceTree = "<group>"; };
		EEFD1879202231540082EE65 /* Transformation_Matrix.h */ = {isa = PBXFileReference; lastKnownFileType = sourcecode.c.h; path = Transformation_Matrix.h; sourceTree = "<group>"; };
		EEFD187A202233B10082EE65 /* Cell_Volume.h */ = {isa = PBXFileReference; lastKnownFileType = sourcecode.c.h; path = Cell_Volume.h; sourceTree = "<group>"; };
		EEFE4084202B4F40004D4D42 /* Read_Cell_Shape.h */ = {isa = PBXFileReference; lastKnownFileType = sourcecode.c.h; path = Read_Cell_Shape.h; sourceTree = "<group>"; };
		EEFE4085202B575D004D4D42 /* Extend_Cloud.h */ = {isa = PBXFileReference; lastKnownFileType = sourcecode.c.h; path = Extend_Cloud.h; sourceTree = "<group>"; };
		EEFE828420232E5D003E36E2 /* Subdivide_Cell.h */ = {isa = PBXFileReference; lastKnownFileType = sourcecode.c.h; path = Subdivide_Cell.h; sourceTree = "<group>"; };
		EEFE828520236480003E36E2 /* Min_Dist_Within_Nbhd_Cells.h */ = {isa = PBXFileReference; lastKnownFileType = sourcecode.c.h; path = Min_Dist_Within_Nbhd_Cells.h; sourceTree = "<group>"; };
/* End PBXFileReference section */

/* Begin PBXFrameworksBuildPhase section */
		EEB03369201F4F81002DF913 /* Frameworks */ = {
			isa = PBXFrameworksBuildPhase;
			buildActionMask = 2147483647;
			files = (
			);
			runOnlyForDeploymentPostprocessing = 0;
		};
/* End PBXFrameworksBuildPhase section */

/* Begin PBXGroup section */
		EEB03363201F4F81002DF913 = {
			isa = PBXGroup;
			children = (
				EEB0336E201F4F81002DF913 /* PPC_Equivalency_Test */,
				EEB0336D201F4F81002DF913 /* Products */,
			);
			sourceTree = "<group>";
		};
		EEB0336D201F4F81002DF913 /* Products */ = {
			isa = PBXGroup;
			children = (
				EEB0336C201F4F81002DF913 /* PPC_Equivalency_Test */,
			);
			name = Products;
			sourceTree = "<group>";
		};
		EEB0336E201F4F81002DF913 /* PPC_Equivalency_Test */ = {
			isa = PBXGroup;
			children = (
				EEFD18762021EF7C0082EE65 /* Atom.cpp */,
				EEFD18752021EECD0082EE65 /* Atom.h */,
				EEFD187A202233B10082EE65 /* Cell_Volume.h */,
				EE535E3B202C715100CF4852 /* Extend_Cell_And_Cloud.h */,
				EE535E3A202C63EA00CF4852 /* Extend_Cell.h */,
				EEFE4085202B575D004D4D42 /* Extend_Cloud.h */,
				EEFD18782021F4220082EE65 /* Frac_To_Cart_Coords.h */,
				EEB0336F201F4F81002DF913 /* main.cpp */,
				EE86F6C62028E564009DA8CC /* Min_Cell_Length.h */,
				EEFD18742021EE790082EE65 /* Min_Dist_Within_Cell.h */,
				EEFE828520236480003E36E2 /* Min_Dist_Within_Nbhd_Cells.h */,
				EE86F6C52028E2EA009DA8CC /* Print_Summary.h */,
				EE86F6C42028CD92009DA8CC /* Read_Atom_Coords.h */,
				EEFE4084202B4F40004D4D42 /* Read_Cell_Shape.h */,
				EE535E3C202CADCB00CF4852 /* Sort_Min_Distances.h */,
				EEFE828420232E5D003E36E2 /* Subdivide_Cell.h */,
				EEFD1879202231540082EE65 /* Transformation_Matrix.h */,
			);
			path = PPC_Equivalency_Test;
			sourceTree = "<group>";
		};
/* End PBXGroup section */

/* Begin PBXNativeTarget section */
		EEB0336B201F4F81002DF913 /* PPC_Equivalency_Test */ = {
			isa = PBXNativeTarget;
			buildConfigurationList = EEB03373201F4F81002DF913 /* Build configuration list for PBXNativeTarget "PPC_Equivalency_Test" */;
			buildPhases = (
				EEB03368201F4F81002DF913 /* Sources */,
				EEB03369201F4F81002DF913 /* Frameworks */,
				EEB0336A201F4F81002DF913 /* CopyFiles */,
			);
			buildRules = (
			);
			dependencies = (
			);
			name = PPC_Equivalency_Test;
			productName = PPC_Equivalency_Test;
			productReference = EEB0336C201F4F81002DF913 /* PPC_Equivalency_Test */;
			productType = "com.apple.product-type.tool";
		};
/* End PBXNativeTarget section */

/* Begin PBXProject section */
		EEB03364201F4F81002DF913 /* Project object */ = {
			isa = PBXProject;
			attributes = {
				LastUpgradeCheck = 0920;
				ORGANIZATIONNAME = "Phil Smith";
				TargetAttributes = {
					EEB0336B201F4F81002DF913 = {
						CreatedOnToolsVersion = 9.2;
						ProvisioningStyle = Automatic;
					};
				};
			};
			buildConfigurationList = EEB03367201F4F81002DF913 /* Build configuration list for PBXProject "PPC_Equivalency_Test" */;
			compatibilityVersion = "Xcode 8.0";
			developmentRegion = en;
			hasScannedForEncodings = 0;
			knownRegions = (
				en,
			);
			mainGroup = EEB03363201F4F81002DF913;
			productRefGroup = EEB0336D201F4F81002DF913 /* Products */;
			projectDirPath = "";
			projectRoot = "";
			targets = (
				EEB0336B201F4F81002DF913 /* PPC_Equivalency_Test */,
			);
		};
/* End PBXProject section */

/* Begin PBXSourcesBuildPhase section */
		EEB03368201F4F81002DF913 /* Sources */ = {
			isa = PBXSourcesBuildPhase;
			buildActionMask = 2147483647;
			files = (
				EEFD18772021EF7C0082EE65 /* Atom.cpp in Sources */,
				EEB03370201F4F81002DF913 /* main.cpp in Sources */,
			);
			runOnlyForDeploymentPostprocessing = 0;
		};
/* End PBXSourcesBuildPhase section */

/* Begin XCBuildConfiguration section */
		EEB03371201F4F81002DF913 /* Debug */ = {
			isa = XCBuildConfiguration;
			buildSettings = {
				ALWAYS_SEARCH_USER_PATHS = NO;
				CLANG_ANALYZER_NONNULL = YES;
				CLANG_ANALYZER_NUMBER_OBJECT_CONVERSION = YES_AGGRESSIVE;
				CLANG_CXX_LANGUAGE_STANDARD = "gnu++14";
				CLANG_CXX_LIBRARY = "libc++";
				CLANG_ENABLE_MODULES = YES;
				CLANG_ENABLE_OBJC_ARC = YES;
				CLANG_WARN_BLOCK_CAPTURE_AUTORELEASING = YES;
				CLANG_WARN_BOOL_CONVERSION = YES;
				CLANG_WARN_COMMA = YES;
				CLANG_WARN_CONSTANT_CONVERSION = YES;
				CLANG_WARN_DIRECT_OBJC_ISA_USAGE = YES_ERROR;
				CLANG_WARN_DOCUMENTATION_COMMENTS = YES;
				CLANG_WARN_EMPTY_BODY = YES;
				CLANG_WARN_ENUM_CONVERSION = YES;
				CLANG_WARN_INFINITE_RECURSION = YES;
				CLANG_WARN_INT_CONVERSION = YES;
				CLANG_WARN_NON_LITERAL_NULL_CONVERSION = YES;
				CLANG_WARN_OBJC_LITERAL_CONVERSION = YES;
				CLANG_WARN_OBJC_ROOT_CLASS = YES_ERROR;
				CLANG_WARN_RANGE_LOOP_ANALYSIS = YES;
				CLANG_WARN_STRICT_PROTOTYPES = YES;
				CLANG_WARN_SUSPICIOUS_MOVE = YES;
				CLANG_WARN_UNGUARDED_AVAILABILITY = YES_AGGRESSIVE;
				CLANG_WARN_UNREACHABLE_CODE = YES;
				CLANG_WARN__DUPLICATE_METHOD_MATCH = YES;
				CODE_SIGN_IDENTITY = "-";
				COPY_PHASE_STRIP = NO;
				DEBUG_INFORMATION_FORMAT = dwarf;
				ENABLE_STRICT_OBJC_MSGSEND = YES;
				ENABLE_TESTABILITY = YES;
				GCC_C_LANGUAGE_STANDARD = gnu11;
				GCC_DYNAMIC_NO_PIC = NO;
				GCC_NO_COMMON_BLOCKS = YES;
				GCC_OPTIMIZATION_LEVEL = 0;
				GCC_PREPROCESSOR_DEFINITIONS = (
					"DEBUG=1",
					"$(inherited)",
				);
				GCC_WARN_64_TO_32_BIT_CONVERSION = YES;
				GCC_WARN_ABOUT_RETURN_TYPE = YES_ERROR;
				GCC_WARN_UNDECLARED_SELECTOR = YES;
				GCC_WARN_UNINITIALIZED_AUTOS = YES_AGGRESSIVE;
				GCC_WARN_UNUSED_FUNCTION = YES;
				GCC_WARN_UNUSED_VARIABLE = YES;
				MACOSX_DEPLOYMENT_TARGET = 10.13;
				MTL_ENABLE_DEBUG_INFO = YES;
				ONLY_ACTIVE_ARCH = YES;
				SDKROOT = macosx;
			};
			name = Debug;
		};
		EEB03372201F4F81002DF913 /* Release */ = {
			isa = XCBuildConfiguration;
			buildSettings = {
				ALWAYS_SEARCH_USER_PATHS = NO;
				CLANG_ANALYZER_NONNULL = YES;
				CLANG_ANALYZER_NUMBER_OBJECT_CONVERSION = YES_AGGRESSIVE;
				CLANG_CXX_LANGUAGE_STANDARD = "gnu++14";
				CLANG_CXX_LIBRARY = "libc++";
				CLANG_ENABLE_MODULES = YES;
				CLANG_ENABLE_OBJC_ARC = YES;
				CLANG_WARN_BLOCK_CAPTURE_AUTORELEASING = YES;
				CLANG_WARN_BOOL_CONVERSION = YES;
				CLANG_WARN_COMMA = YES;
				CLANG_WARN_CONSTANT_CONVERSION = YES;
				CLANG_WARN_DIRECT_OBJC_ISA_USAGE = YES_ERROR;
				CLANG_WARN_DOCUMENTATION_COMMENTS = YES;
				CLANG_WARN_EMPTY_BODY = YES;
				CLANG_WARN_ENUM_CONVERSION = YES;
				CLANG_WARN_INFINITE_RECURSION = YES;
				CLANG_WARN_INT_CONVERSION = YES;
				CLANG_WARN_NON_LITERAL_NULL_CONVERSION = YES;
				CLANG_WARN_OBJC_LITERAL_CONVERSION = YES;
				CLANG_WARN_OBJC_ROOT_CLASS = YES_ERROR;
				CLANG_WARN_RANGE_LOOP_ANALYSIS = YES;
				CLANG_WARN_STRICT_PROTOTYPES = YES;
				CLANG_WARN_SUSPICIOUS_MOVE = YES;
				CLANG_WARN_UNGUARDED_AVAILABILITY = YES_AGGRESSIVE;
				CLANG_WARN_UNREACHABLE_CODE = YES;
				CLANG_WARN__DUPLICATE_METHOD_MATCH = YES;
				CODE_SIGN_IDENTITY = "-";
				COPY_PHASE_STRIP = NO;
				DEBUG_INFORMATION_FORMAT = "dwarf-with-dsym";
				ENABLE_NS_ASSERTIONS = NO;
				ENABLE_STRICT_OBJC_MSGSEND = YES;
				GCC_C_LANGUAGE_STANDARD = gnu11;
				GCC_NO_COMMON_BLOCKS = YES;
				GCC_WARN_64_TO_32_BIT_CONVERSION = YES;
				GCC_WARN_ABOUT_RETURN_TYPE = YES_ERROR;
				GCC_WARN_UNDECLARED_SELECTOR = YES;
				GCC_WARN_UNINITIALIZED_AUTOS = YES_AGGRESSIVE;
				GCC_WARN_UNUSED_FUNCTION = YES;
				GCC_WARN_UNUSED_VARIABLE = YES;
				MACOSX_DEPLOYMENT_TARGET = 10.13;
				MTL_ENABLE_DEBUG_INFO = NO;
				SDKROOT = macosx;
			};
			name = Release;
		};
		EEB03374201F4F81002DF913 /* Debug */ = {
			isa = XCBuildConfiguration;
			buildSettings = {
				ALWAYS_SEARCH_USER_PATHS = YES;
				CLANG_WARN_DOCUMENTATION_COMMENTS = NO;
				CODE_SIGN_STYLE = Automatic;
				HEADER_SEARCH_PATHS = (
					/usr/local/Cellar/gemmi/include,
					/usr/local/Cellar/gemmi/third_party,
					/usr/local/Cellar/opencv/3.3.0_3/include,
				);
				LIBRARY_SEARCH_PATHS = /usr/local/Cellar/opencv/3.3.0_3/lib;
				OTHER_LDFLAGS = (
					"-lopencv_calib3d",
					"-lopencv_core",
					"-lopencv_features2d",
					"-lopencv_flann",
					"-lopencv_highgui",
					"-lopencv_imgcodecs",
					"-lopencv_imgproc",
					"-lopencv_ml",
					"-lopencv_objdetect",
					"-lopencv_photo",
					"-lopencv_shape",
					"-lopencv_stitching",
					"-lopencv_superres",
					"-lopencv_video",
					"-lopencv_videoio",
					"-lopencv_videostab",
				);
				PRODUCT_NAME = "$(TARGET_NAME)";
			};
			name = Debug;
		};
		EEB03375201F4F81002DF913 /* Release */ = {
			isa = XCBuildConfiguration;
			buildSettings = {
				ALWAYS_SEARCH_USER_PATHS = YES;
				CLANG_WARN_DOCUMENTATION_COMMENTS = NO;
				CODE_SIGN_STYLE = Automatic;
				HEADER_SEARCH_PATHS = (
					/usr/local/Cellar/gemmi/include,
					/usr/local/Cellar/gemmi/third_party,
					/usr/local/Cellar/opencv/3.3.0_3/include,
				);
				LIBRARY_SEARCH_PATHS = /usr/local/Cellar/opencv/3.3.0_3/lib;
				OTHER_LDFLAGS = (
					"-lopencv_calib3d",
					"-lopencv_core",
					"-lopencv_features2d",
					"-lopencv_flann",
					"-lopencv_highgui",
					"-lopencv_imgcodecs",
					"-lopencv_imgproc",
					"-lopencv_ml",
					"-lopencv_objdetect",
					"-lopencv_photo",
					"-lopencv_shape",
					"-lopencv_stitching",
					"-lopencv_superres",
					"-lopencv_video",
					"-lopencv_videoio",
					"-lopencv_videostab",
				);
				PRODUCT_NAME = "$(TARGET_NAME)";
			};
			name = Release;
		};
/* End XCBuildConfiguration section */

/* Begin XCConfigurationList section */
		EEB03367201F4F81002DF913 /* Build configuration list for PBXProject "PPC_Equivalency_Test" */ = {
			isa = XCConfigurationList;
			buildConfigurations = (
				EEB03371201F4F81002DF913 /* Debug */,
				EEB03372201F4F81002DF913 /* Release */,
			);
			defaultConfigurationIsVisible = 0;
			defaultConfigurationName = Release;
		};
		EEB03373201F4F81002DF913 /* Build configuration list for PBXNativeTarget "PPC_Equivalency_Test" */ = {
			isa = XCConfigurationList;
			buildConfigurations = (
				EEB03374201F4F81002DF913 /* Debug */,
				EEB03375201F4F81002DF913 /* Release */,
			);
			defaultConfigurationIsVisible = 0;
			defaultConfigurationName = Release;
		};
/* End XCConfigurationList section */
	};
	rootObject = EEB03364201F4F81002DF913 /* Project object */;
}
